// !$*UTF8*$!
{
	archiveVersion = 1;
	classes = {
	};
	objectVersion = 46;
	objects = {

/* Begin PBXBuildFile section */
		1ACB5F051A67DE940060C08B /* main.m in Sources */ = {isa = PBXBuildFile; fileRef = 1ACB5F041A67DE940060C08B /* main.m */; };
		1ACB5F081A67DE940060C08B /* AppDelegate.m in Sources */ = {isa = PBXBuildFile; fileRef = 1ACB5F071A67DE940060C08B /* AppDelegate.m */; };
		1ACB5F0B1A67DE940060C08B /* FirstViewController.m in Sources */ = {isa = PBXBuildFile; fileRef = 1ACB5F0A1A67DE940060C08B /* FirstViewController.m */; };
		1ACB5F0E1A67DE940060C08B /* SecondViewController.m in Sources */ = {isa = PBXBuildFile; fileRef = 1ACB5F0D1A67DE940060C08B /* SecondViewController.m */; };
		1ACB5F111A67DE940060C08B /* Main.storyboard in Resources */ = {isa = PBXBuildFile; fileRef = 1ACB5F0F1A67DE940060C08B /* Main.storyboard */; };
		1ACB5F131A67DE950060C08B /* Images.xcassets in Resources */ = {isa = PBXBuildFile; fileRef = 1ACB5F121A67DE950060C08B /* Images.xcassets */; };
		1ACB5F161A67DE950060C08B /* LaunchScreen.xib in Resources */ = {isa = PBXBuildFile; fileRef = 1ACB5F141A67DE950060C08B /* LaunchScreen.xib */; };
		1ACB5F221A67DE950060C08B /* ButtonTouchEventTestTests.m in Sources */ = {isa = PBXBuildFile; fileRef = 1ACB5F211A67DE950060C08B /* ButtonTouchEventTestTests.m */; };
		1ACB5F2D1A67E11F0060C08B /* TestTouchBottomController.m in Sources */ = {isa = PBXBuildFile; fileRef = 1ACB5F2C1A67E11F0060C08B /* TestTouchBottomController.m */; };
		1ACB5F301A67E6660060C08B /* CommentInputView.m in Sources */ = {isa = PBXBuildFile; fileRef = 1ACB5F2F1A67E6660060C08B /* CommentInputView.m */; };
		1ACB5F331A67E6E00060C08B /* ViewUtils.m in Sources */ = {isa = PBXBuildFile; fileRef = 1ACB5F321A67E6E00060C08B /* ViewUtils.m */; };
		1ACB5F3A1A67F1AA0060C08B /* Default-568h@2x.png in Resources */ = {isa = PBXBuildFile; fileRef = 1ACB5F391A67F1AA0060C08B /* Default-568h@2x.png */; };
/* End PBXBuildFile section */

/* Begin PBXContainerItemProxy section */
		1ACB5F1C1A67DE950060C08B /* PBXContainerItemProxy */ = {
			isa = PBXContainerItemProxy;
			containerPortal = 1ACB5EF71A67DE940060C08B /* Project object */;
			proxyType = 1;
			remoteGlobalIDString = 1ACB5EFE1A67DE940060C08B;
			remoteInfo = ButtonTouchEventTest;
		};
/* End PBXContainerItemProxy section */

/* Begin PBXFileReference section */
		1ACB5EFF1A67DE940060C08B /* ButtonTouchEventTest.app */ = {isa = PBXFileReference; explicitFileType = wrapper.application; includeInIndex = 0; path = ButtonTouchEventTest.app; sourceTree = BUILT_PRODUCTS_DIR; };
		1ACB5F031A67DE940060C08B /* Info.plist */ = {isa = PBXFileReference; lastKnownFileType = text.plist.xml; path = Info.plist; sourceTree = "<group>"; };
		1ACB5F041A67DE940060C08B /* main.m */ = {isa = PBXFileReference; lastKnownFileType = sourcecode.c.objc; path = main.m; sourceTree = "<group>"; };
		1ACB5F061A67DE940060C08B /* AppDelegate.h */ = {isa = PBXFileReference; lastKnownFileType = sourcecode.c.h; path = AppDelegate.h; sourceTree = "<group>"; };
		1ACB5F071A67DE940060C08B /* AppDelegate.m */ = {isa = PBXFileReference; lastKnownFileType = sourcecode.c.objc; path = AppDelegate.m; sourceTree = "<group>"; };
		1ACB5F091A67DE940060C08B /* FirstViewController.h */ = {isa = PBXFileReference; lastKnownFileType = sourcecode.c.h; path = FirstViewController.h; sourceTree = "<group>"; };
		1ACB5F0A1A67DE940060C08B /* FirstViewController.m */ = {isa = PBXFileReference; lastKnownFileType = sourcecode.c.objc; path = FirstViewController.m; sourceTree = "<group>"; };
		1ACB5F0C1A67DE940060C08B /* SecondViewController.h */ = {isa = PBXFileReference; lastKnownFileType = sourcecode.c.h; path = SecondViewController.h; sourceTree = "<group>"; };
		1ACB5F0D1A67DE940060C08B /* SecondViewController.m */ = {isa = PBXFileReference; lastKnownFileType = sourcecode.c.objc; path = SecondViewController.m; sourceTree = "<group>"; };
		1ACB5F101A67DE940060C08B /* Base */ = {isa = PBXFileReference; lastKnownFileType = file.storyboard; name = Base; path = Base.lproj/Main.storyboard; sourceTree = "<group>"; };
		1ACB5F121A67DE950060C08B /* Images.xcassets */ = {isa = PBXFileReference; lastKnownFileType = folder.assetcatalog; path = Images.xcassets; sourceTree = "<group>"; };
		1ACB5F151A67DE950060C08B /* Base */ = {isa = PBXFileReference; lastKnownFileType = file.xib; name = Base; path = Base.lproj/LaunchScreen.xib; sourceTree = "<group>"; };
		1ACB5F1B1A67DE950060C08B /* ButtonTouchEventTestTests.xctest */ = {isa = PBXFileReference; explicitFileType = wrapper.cfbundle; includeInIndex = 0; path = ButtonTouchEventTestTests.xctest; sourceTree = BUILT_PRODUCTS_DIR; };
		1ACB5F201A67DE950060C08B /* Info.plist */ = {isa = PBXFileReference; lastKnownFileType = text.plist.xml; path = Info.plist; sourceTree = "<group>"; };
		1ACB5F211A67DE950060C08B /* ButtonTouchEventTestTests.m */ = {isa = PBXFileReference; lastKnownFileType = sourcecode.c.objc; path = ButtonTouchEventTestTests.m; sourceTree = "<group>"; };
		1ACB5F2B1A67E11F0060C08B /* TestTouchBottomController.h */ = {isa = PBXFileReference; fileEncoding = 4; lastKnownFileType = sourcecode.c.h; path = TestTouchBottomController.h; sourceTree = "<group>"; };
		1ACB5F2C1A67E11F0060C08B /* TestTouchBottomController.m */ = {isa = PBXFileReference; fileEncoding = 4; lastKnownFileType = sourcecode.c.objc; path = TestTouchBottomController.m; sourceTree = "<group>"; };
		1ACB5F2E1A67E6660060C08B /* CommentInputView.h */ = {isa = PBXFileReference; fileEncoding = 4; lastKnownFileType = sourcecode.c.h; path = CommentInputView.h; sourceTree = "<group>"; };
		1ACB5F2F1A67E6660060C08B /* CommentInputView.m */ = {isa = PBXFileReference; fileEncoding = 4; lastKnownFileType = sourcecode.c.objc; path = CommentInputView.m; sourceTree = "<group>"; };
		1ACB5F311A67E6E00060C08B /* ViewUtils.h */ = {isa = PBXFileReference; fileEncoding = 4; lastKnownFileType = sourcecode.c.h; path = ViewUtils.h; sourceTree = "<group>"; };
		1ACB5F321A67E6E00060C08B /* ViewUtils.m */ = {isa = PBXFileReference; fileEncoding = 4; lastKnownFileType = sourcecode.c.objc; path = ViewUtils.m; sourceTree = "<group>"; };
		1ACB5F391A67F1AA0060C08B /* Default-568h@2x.png */ = {isa = PBXFileReference; lastKnownFileType = image.png; path = "Default-568h@2x.png"; sourceTree = "<group>"; };
/* End PBXFileReference section */

/* Begin PBXFrameworksBuildPhase section */
		1ACB5EFC1A67DE940060C08B /* Frameworks */ = {
			isa = PBXFrameworksBuildPhase;
			buildActionMask = 2147483647;
			files = (
			);
			runOnlyForDeploymentPostprocessing = 0;
		};
		1ACB5F181A67DE950060C08B /* Frameworks */ = {
			isa = PBXFrameworksBuildPhase;
			buildActionMask = 2147483647;
			files = (
			);
			runOnlyForDeploymentPostprocessing = 0;
		};
/* End PBXFrameworksBuildPhase section */

/* Begin PBXGroup section */
		1ACB5EF61A67DE940060C08B = {
			isa = PBXGroup;
			children = (
				1ACB5F391A67F1AA0060C08B /* Default-568h@2x.png */,
				1ACB5F011A67DE940060C08B /* ButtonTouchEventTest */,
				1ACB5F1E1A67DE950060C08B /* ButtonTouchEventTestTests */,
				1ACB5F001A67DE940060C08B /* Products */,
			);
			sourceTree = "<group>";
		};
		1ACB5F001A67DE940060C08B /* Products */ = {
			isa = PBXGroup;
			children = (
				1ACB5EFF1A67DE940060C08B /* ButtonTouchEventTest.app */,
				1ACB5F1B1A67DE950060C08B /* ButtonTouchEventTestTests.xctest */,
			);
			name = Products;
			sourceTree = "<group>";
		};
		1ACB5F011A67DE940060C08B /* ButtonTouchEventTest */ = {
			isa = PBXGroup;
			children = (
				1ACB5F311A67E6E00060C08B /* ViewUtils.h */,
				1ACB5F321A67E6E00060C08B /* ViewUtils.m */,
				1ACB5F061A67DE940060C08B /* AppDelegate.h */,
				1ACB5F071A67DE940060C08B /* AppDelegate.m */,
				1ACB5F091A67DE940060C08B /* FirstViewController.h */,
				1ACB5F0A1A67DE940060C08B /* FirstViewController.m */,
				1ACB5F0C1A67DE940060C08B /* SecondViewController.h */,
				1ACB5F0D1A67DE940060C08B /* SecondViewController.m */,
				1ACB5F0F1A67DE940060C08B /* Main.storyboard */,
				1ACB5F121A67DE950060C08B /* Images.xcassets */,
				1ACB5F141A67DE950060C08B /* LaunchScreen.xib */,
				1ACB5F021A67DE940060C08B /* Supporting Files */,
				1ACB5F2B1A67E11F0060C08B /* TestTouchBottomController.h */,
				1ACB5F2C1A67E11F0060C08B /* TestTouchBottomController.m */,
				1ACB5F2E1A67E6660060C08B /* CommentInputView.h */,
				1ACB5F2F1A67E6660060C08B /* CommentInputView.m */,
			);
			path = ButtonTouchEventTest;
			sourceTree = "<group>";
		};
		1ACB5F021A67DE940060C08B /* Supporting Files */ = {
			isa = PBXGroup;
			children = (
				1ACB5F031A67DE940060C08B /* Info.plist */,
				1ACB5F041A67DE940060C08B /* main.m */,
			);
			name = "Supporting Files";
			sourceTree = "<group>";
		};
		1ACB5F1E1A67DE950060C08B /* ButtonTouchEventTestTests */ = {
			isa = PBXGroup;
			children = (
				1ACB5F211A67DE950060C08B /* ButtonTouchEventTestTests.m */,
				1ACB5F1F1A67DE950060C08B /* Supporting Files */,
			);
			path = ButtonTouchEventTestTests;
			sourceTree = "<group>";
		};
		1ACB5F1F1A67DE950060C08B /* Supporting Files */ = {
			isa = PBXGroup;
			children = (
				1ACB5F201A67DE950060C08B /* Info.plist */,
			);
			name = "Supporting Files";
			sourceTree = "<group>";
		};
/* End PBXGroup section */

/* Begin PBXNativeTarget section */
		1ACB5EFE1A67DE940060C08B /* ButtonTouchEventTest */ = {
			isa = PBXNativeTarget;
			buildConfigurationList = 1ACB5F251A67DE950060C08B /* Build configuration list for PBXNativeTarget "ButtonTouchEventTest" */;
			buildPhases = (
				1ACB5EFB1A67DE940060C08B /* Sources */,
				1ACB5EFC1A67DE940060C08B /* Frameworks */,
				1ACB5EFD1A67DE940060C08B /* Resources */,
			);
			buildRules = (
			);
			dependencies = (
			);
			name = ButtonTouchEventTest;
			productName = ButtonTouchEventTest;
			productReference = 1ACB5EFF1A67DE940060C08B /* ButtonTouchEventTest.app */;
			productType = "com.apple.product-type.application";
		};
		1ACB5F1A1A67DE950060C08B /* ButtonTouchEventTestTests */ = {
			isa = PBXNativeTarget;
			buildConfigurationList = 1ACB5F281A67DE950060C08B /* Build configuration list for PBXNativeTarget "ButtonTouchEventTestTests" */;
			buildPhases = (
				1ACB5F171A67DE950060C08B /* Sources */,
				1ACB5F181A67DE950060C08B /* Frameworks */,
				1ACB5F191A67DE950060C08B /* Resources */,
			);
			buildRules = (
			);
			dependencies = (
				1ACB5F1D1A67DE950060C08B /* PBXTargetDependency */,
			);
			name = ButtonTouchEventTestTests;
			productName = ButtonTouchEventTestTests;
			productReference = 1ACB5F1B1A67DE950060C08B /* ButtonTouchEventTestTests.xctest */;
			productType = "com.apple.product-type.bundle.unit-test";
		};
/* End PBXNativeTarget section */

/* Begin PBXProject section */
		1ACB5EF71A67DE940060C08B /* Project object */ = {
			isa = PBXProject;
			attributes = {
				LastUpgradeCheck = 0610;
				ORGANIZATIONNAME = lxzhh;
				TargetAttributes = {
					1ACB5EFE1A67DE940060C08B = {
						CreatedOnToolsVersion = 6.1;
						DevelopmentTeam = R9Y3VCRYSQ;
					};
					1ACB5F1A1A67DE950060C08B = {
						CreatedOnToolsVersion = 6.1;
						TestTargetID = 1ACB5EFE1A67DE940060C08B;
					};
				};
			};
			buildConfigurationList = 1ACB5EFA1A67DE940060C08B /* Build configuration list for PBXProject "ButtonTouchEventTest" */;
			compatibilityVersion = "Xcode 3.2";
			developmentRegion = English;
			hasScannedForEncodings = 0;
			knownRegions = (
				en,
				Base,
			);
			mainGroup = 1ACB5EF61A67DE940060C08B;
			productRefGroup = 1ACB5F001A67DE940060C08B /* Products */;
			projectDirPath = "";
			projectRoot = "";
			targets = (
				1ACB5EFE1A67DE940060C08B /* ButtonTouchEventTest */,
				1ACB5F1A1A67DE950060C08B /* ButtonTouchEventTestTests */,
			);
		};
/* End PBXProject section */

/* Begin PBXResourcesBuildPhase section */
		1ACB5EFD1A67DE940060C08B /* Resources */ = {
			isa = PBXResourcesBuildPhase;
			buildActionMask = 2147483647;
			files = (
				1ACB5F111A67DE940060C08B /* Main.storyboard in Resources */,
				1ACB5F3A1A67F1AA0060C08B /* Default-568h@2x.png in Resources */,
				1ACB5F161A67DE950060C08B /* LaunchScreen.xib in Resources */,
				1ACB5F131A67DE950060C08B /* Images.xcassets in Resources */,
			);
			runOnlyForDeploymentPostprocessing = 0;
		};
		1ACB5F191A67DE950060C08B /* Resources */ = {
			isa = PBXResourcesBuildPhase;
			buildActionMask = 2147483647;
			files = (
			);
			runOnlyForDeploymentPostprocessing = 0;
		};
/* End PBXResourcesBuildPhase section */

/* Begin PBXSourcesBuildPhase section */
		1ACB5EFB1A67DE940060C08B /* Sources */ = {
			isa = PBXSourcesBuildPhase;
			buildActionMask = 2147483647;
			files = (
				1ACB5F0E1A67DE940060C08B /* SecondViewController.m in Sources */,
				1ACB5F2D1A67E11F0060C08B /* TestTouchBottomController.m in Sources */,
				1ACB5F301A67E6660060C08B /* CommentInputView.m in Sources */,
				1ACB5F331A67E6E00060C08B /* ViewUtils.m in Sources */,
				1ACB5F081A67DE940060C08B /* AppDelegate.m in Sources */,
				1ACB5F0B1A67DE940060C08B /* FirstViewController.m in Sources */,
				1ACB5F051A67DE940060C08B /* main.m in Sources */,
			);
			runOnlyForDeploymentPostprocessing = 0;
		};
		1ACB5F171A67DE950060C08B /* Sources */ = {
			isa = PBXSourcesBuildPhase;
			buildActionMask = 2147483647;
			files = (
				1ACB5F221A67DE950060C08B /* ButtonTouchEventTestTests.m in Sources */,
			);
			runOnlyForDeploymentPostprocessing = 0;
		};
/* End PBXSourcesBuildPhase section */

/* Begin PBXTargetDependency section */
		1ACB5F1D1A67DE950060C08B /* PBXTargetDependency */ = {
			isa = PBXTargetDependency;
			target = 1ACB5EFE1A67DE940060C08B /* ButtonTouchEventTest */;
			targetProxy = 1ACB5F1C1A67DE950060C08B /* PBXContainerItemProxy */;
		};
/* End PBXTargetDependency section */

/* Begin PBXVariantGroup section */
		1ACB5F0F1A67DE940060C08B /* Main.storyboard */ = {
			isa = PBXVariantGroup;
			children = (
				1ACB5F101A67DE940060C08B /* Base */,
			);
			name = Main.storyboard;
			sourceTree = "<group>";
		};
		1ACB5F141A67DE950060C08B /* LaunchScreen.xib */ = {
			isa = PBXVariantGroup;
			children = (
				1ACB5F151A67DE950060C08B /* Base */,
			);
			name = LaunchScreen.xib;
			sourceTree = "<group>";
		};
/* End PBXVariantGroup section */

/* Begin XCBuildConfiguration section */
		1ACB5F231A67DE950060C08B /* Debug */ = {
			isa = XCBuildConfiguration;
			buildSettings = {
				ALWAYS_SEARCH_USER_PATHS = NO;
				CLANG_CXX_LANGUAGE_STANDARD = "gnu++0x";
				CLANG_CXX_LIBRARY = "libc++";
				CLANG_ENABLE_MODULES = YES;
				CLANG_ENABLE_OBJC_ARC = YES;
				CLANG_WARN_BOOL_CONVERSION = YES;
				CLANG_WARN_CONSTANT_CONVERSION = YES;
				CLANG_WARN_DIRECT_OBJC_ISA_USAGE = YES_ERROR;
				CLANG_WARN_EMPTY_BODY = YES;
				CLANG_WARN_ENUM_CONVERSION = YES;
				CLANG_WARN_INT_CONVERSION = YES;
				CLANG_WARN_OBJC_ROOT_CLASS = YES_ERROR;
				CLANG_WARN_UNREACHABLE_CODE = YES;
				CLANG_WARN__DUPLICATE_METHOD_MATCH = YES;
				"CODE_SIGN_IDENTITY[sdk=iphoneos*]" = "iPhone Developer";
				COPY_PHASE_STRIP = NO;
				ENABLE_STRICT_OBJC_MSGSEND = YES;
				GCC_C_LANGUAGE_STANDARD = gnu99;
				GCC_DYNAMIC_NO_PIC = NO;
				GCC_OPTIMIZATION_LEVEL = 0;
				GCC_PREPROCESSOR_DEFINITIONS = (
					"DEBUG=1",
					"$(inherited)",
				);
				GCC_SYMBOLS_PRIVATE_EXTERN = NO;
				GCC_WARN_64_TO_32_BIT_CONVERSION = YES;
				GCC_WARN_ABOUT_RETURN_TYPE = YES_ERROR;
				GCC_WARN_UNDECLARED_SELECTOR = YES;
				GCC_WARN_UNINITIALIZED_AUTOS = YES_AGGRESSIVE;
				GCC_WARN_UNUSED_FUNCTION = YES;
				GCC_WARN_UNUSED_VARIABLE = YES;
				IPHONEOS_DEPLOYMENT_TARGET = 8.1;
				MTL_ENABLE_DEBUG_INFO = YES;
				ONLY_ACTIVE_ARCH = YES;
				SDKROOT = iphoneos;
			};
			name = Debug;
		};
		1ACB5F241A67DE950060C08B /* Release */ = {
			isa = XCBuildConfiguration;
			buildSettings = {
				ALWAYS_SEARCH_USER_PATHS = NO;
				CLANG_CXX_LANGUAGE_STANDARD = "gnu++0x";
				CLANG_CXX_LIBRARY = "libc++";
				CLANG_ENABLE_MODULES = YES;
				CLANG_ENABLE_OBJC_ARC = YES;
				CLANG_WARN_BOOL_CONVERSION = YES;
				CLANG_WARN_CONSTANT_CONVERSION = YES;
				CLANG_WARN_DIRECT_OBJC_ISA_USAGE = YES_ERROR;
				CLANG_WARN_EMPTY_BODY = YES;
				CLANG_WARN_ENUM_CONVERSION = YES;
				CLANG_WARN_INT_CONVERSION = YES;
				CLANG_WARN_OBJC_ROOT_CLASS = YES_ERROR;
				CLANG_WARN_UNREACHABLE_CODE = YES;
				CLANG_WARN__DUPLICATE_METHOD_MATCH = YES;
				"CODE_SIGN_IDENTITY[sdk=iphoneos*]" = "iPhone Developer";
				COPY_PHASE_STRIP = YES;
				ENABLE_NS_ASSERTIONS = NO;
				ENABLE_STRICT_OBJC_MSGSEND = YES;
				GCC_C_LANGUAGE_STANDARD = gnu99;
				GCC_WARN_64_TO_32_BIT_CONVERSION = YES;
				GCC_WARN_ABOUT_RETURN_TYPE = YES_ERROR;
				GCC_WARN_UNDECLARED_SELECTOR = YES;
				GCC_WARN_UNINITIALIZED_AUTOS = YES_AGGRESSIVE;
				GCC_WARN_UNUSED_FUNCTION = YES;
				GCC_WARN_UNUSED_VARIABLE = YES;
				IPHONEOS_DEPLOYMENT_TARGET = 8.1;
				MTL_ENABLE_DEBUG_INFO = NO;
				SDKROOT = iphoneos;
				VALIDATE_PRODUCT = YES;
			};
			name = Release;
		};
		1ACB5F261A67DE950060C08B /* Debug */ = {
			isa = XCBuildConfiguration;
			buildSettings = {
				ASSETCATALOG_COMPILER_APPICON_NAME = AppIcon;
				"CODE_SIGN_IDENTITY[sdk=iphoneos*]" = "iPhone Developer: Yuan Cheng (XVRB2UKUK9)";
				INFOPLIST_FILE = ButtonTouchEventTest/Info.plist;
				IPHONEOS_DEPLOYMENT_TARGET = 7.0;
				LD_RUNPATH_SEARCH_PATHS = "$(inherited) @executable_path/Frameworks";
				PRODUCT_NAME = "$(TARGET_NAME)";
				PROVISIONING_PROFILE = "dbf2f481-9c1f-49ca-8f30-f022344fb2a3";
			};
			name = Debug;
		};
		1ACB5F271A67DE950060C08B /* Release */ = {
			isa = XCBuildConfiguration;
			buildSettings = {
				ASSETCATALOG_COMPILER_APPICON_NAME = AppIcon;
				INFOPLIST_FILE = ButtonTouchEventTest/Info.plist;
				IPHONEOS_DEPLOYMENT_TARGET = 7.0;
				LD_RUNPATH_SEARCH_PATHS = "$(inherited) @executable_path/Frameworks";
				PRODUCT_NAME = "$(TARGET_NAME)";
				PROVISIONING_PROFILE = "dbf2f481-9c1f-49ca-8f30-f022344fb2a3";
			};
			name = Release;
		};
		1ACB5F291A67DE950060C08B /* Debug */ = {
			isa = XCBuildConfiguration;
			buildSettings = {
				BUNDLE_LOADER = "$(TEST_HOST)";
				FRAMEWORK_SEARCH_PATHS = (
					"$(SDKROOT)/Developer/Library/Frameworks",
					"$(inherited)",
				);
				GCC_PREPROCESSOR_DEFINITIONS = (
					"DEBUG=1",
					"$(inherited)",
				);
				INFOPLIST_FILE = ButtonTouchEventTestTests/Info.plist;
				LD_RUNPATH_SEARCH_PATHS = "$(inherited) @executable_path/Frameworks @loader_path/Frameworks";
				PRODUCT_NAME = "$(TARGET_NAME)";
				TEST_HOST = "$(BUILT_PRODUCTS_DIR)/ButtonTouchEventTest.app/ButtonTouchEventTest";
			};
			name = Debug;
		};
		1ACB5F2A1A67DE950060C08B /* Release */ = {
			isa = XCBuildConfiguration;
			buildSettings = {
				BUNDLE_LOADER = "$(TEST_HOST)";
				FRAMEWORK_SEARCH_PATHS = (
					"$(SDKROOT)/Developer/Library/Frameworks",
					"$(inherited)",
				);
				INFOPLIST_FILE = ButtonTouchEventTestTests/Info.plist;
				LD_RUNPATH_SEARCH_PATHS = "$(inherited) @executable_path/Frameworks @loader_path/Frameworks";
				PRODUCT_NAME = "$(TARGET_NAME)";
				TEST_HOST = "$(BUILT_PRODUCTS_DIR)/ButtonTouchEventTest.app/ButtonTouchEventTest";
			};
			name = Release;
		};
/* End XCBuildConfiguration section */

/* Begin XCConfigurationList section */
		1ACB5EFA1A67DE940060C08B /* Build configuration list for PBXProject "ButtonTouchEventTest" */ = {
			isa = XCConfigurationList;
			buildConfigurations = (
				1ACB5F231A67DE950060C08B /* Debug */,
				1ACB5F241A67DE950060C08B /* Release */,
			);
			defaultConfigurationIsVisible = 0;
			defaultConfigurationName = Release;
		};
		1ACB5F251A67DE950060C08B /* Build configuration list for PBXNativeTarget "ButtonTouchEventTest" */ = {
			isa = XCConfigurationList;
			buildConfigurations = (
				1ACB5F261A67DE950060C08B /* Debug */,
				1ACB5F271A67DE950060C08B /* Release */,
			);
			defaultConfigurationIsVisible = 0;
			defaultConfigurationName = Release;
		};
		1ACB5F281A67DE950060C08B /* Build configuration list for PBXNativeTarget "ButtonTouchEventTestTests" */ = {
			isa = XCConfigurationList;
			buildConfigurations = (
				1ACB5F291A67DE950060C08B /* Debug */,
				1ACB5F2A1A67DE950060C08B /* Release */,
			);
			defaultConfigurationIsVisible = 0;
			defaultConfigurationName = Release;
		};
/* End XCConfigurationList section */
	};
	rootObject = 1ACB5EF71A67DE940060C08B /* Project object */;
}
